# THIS IS AN AUTOGENERATED FILE. DO NOT EDIT THIS FILE DIRECTLY.
# yarn lockfile v1


"@types/recordrtc@^5.6.8":
  version "5.6.8"
  resolved "https://registry.yarnpkg.com/@types/recordrtc/-/recordrtc-5.6.8.tgz#5f3acf151061eb2e34633c8112ca3c6b5ab34a6b"
  integrity sha512-UJQOyTnRXihyKPdUMBur/VxrnXWRCl2AlazwR76mZUc+gnFVfl/MRm5Kz/UtKT7F2l9m4OGwNRyHvy/z765E1w==

recordrtc@^5.6.2:
  version "5.6.2"
  resolved "https://mirrors.cloud.tencent.com/npm/recordrtc/-/recordrtc-5.6.2.tgz#48fc214b35084973ccce82c6251198b5742bc327"
  integrity sha512-1QNKKNtl7+KcwD1lyOgP3ZlbiJ1d0HtXnypUy7yq49xEERxk31PHvE9RCciDrulPCY7WJ+oz0R9hpNxgsIurGQ==
