# THIS IS AN AUTOGENERATED FILE. DO NOT EDIT THIS FILE DIRECTLY.
# yarn lockfile v1


recordrtc@^5.6.2:
  version "5.6.2"
  resolved "https://mirrors.cloud.tencent.com/npm/recordrtc/-/recordrtc-5.6.2.tgz#48fc214b35084973ccce82c6251198b5742bc327"
  integrity sha512-1QNKKNtl7+KcwD1lyOgP3ZlbiJ1d0HtXnypUy7yq49xEERxk31PHvE9RCciDrulPCY7WJ+oz0R9hpNxgsIurGQ==
